
Microsoft Visual Studio Solution File, Format Version 12.00
# Visual Studio Version 17
VisualStudioVersion = 17.11.35312.102
MinimumVisualStudioVersion = 10.0.40219.1
Project("{FAE04EC0-301F-11D3-BF4B-00C04F79EFBC}") = "StudentPortal-MVC-CRUD", "StudentPortal-MVC-CRUD\StudentPortal-MVC-CRUD.csproj", "{AAB59F2A-8A43-4B63-93BE-434FE37C9B49}"
EndProject
Global
	GlobalSection(SolutionConfigurationPlatforms) = preSolution
		Debug|Any CPU = Debug|Any CPU
		Release|Any CPU = Release|Any CPU
	EndGlobalSection
	GlobalSection(ProjectConfigurationPlatforms) = postSolution
		{AAB59F2A-8A43-4B63-93BE-434FE37C9B49}.Debug|Any CPU.ActiveCfg = Debug|Any CPU
		{AAB59F2A-8A43-4B63-93BE-434FE37C9B49}.Debug|Any CPU.Build.0 = Debug|Any CPU
		{AAB59F2A-8A43-4B63-93BE-434FE37C9B49}.Release|Any CPU.ActiveCfg = Release|Any CPU
		{AAB59F2A-8A43-4B63-93BE-434FE37C9B49}.Release|Any CPU.Build.0 = Release|Any CPU
	EndGlobalSection
	GlobalSection(SolutionProperties) = preSolution
		HideSolutionNode = FALSE
	EndGlobalSection
	GlobalSection(ExtensibilityGlobals) = postSolution
		SolutionGuid = {24A497EF-8E0A-41CA-ADED-C3CBCCDB0323}
	EndGlobalSection
EndGlobal
